
Microsoft Visual Studio Solution File, Format Version 12.00
Project("{2150E333-8FDC-42A3-9474-1A3956D46DE8}") = "Presentation", "Presentation", "{76847B72-548A-4E41-8994-FBD7E81BDC15}"
EndProject
Project("{2150E333-8FDC-42A3-9474-1A3956D46DE8}") = "Infrastructure", "Infrastructure", "{80B6C90B-1E7E-49F0-8844-D14654229F00}"
EndProject
Project("{FAE04EC0-301F-11D3-BF4B-00C04F79EFBC}") = "CleanArchitecture.Infrastructure", "src\CleanArchitecture.Infrastructure\CleanArchitecture.Infrastructure.csproj", "{ADF23404-7EDD-4326-9DAE-629A4727C87E}"
EndProject
Project("{2150E333-8FDC-42A3-9474-1A3956D46DE8}") = "Application", "Application", "{B8D5A3FF-E27F-4A7B-90B2-5AB5BD9FC228}"
EndProject
Project("{FAE04EC0-301F-11D3-BF4B-00C04F79EFBC}") = "CleanArchitecture.Application", "src\CleanArchitecture.Application\CleanArchitecture.Application.csproj", "{D3237D20-36AE-4D28-9C1C-4AE94F8F27E0}"
EndProject
Project("{2150E333-8FDC-42A3-9474-1A3956D46DE8}") = "Core", "Core", "{0331B455-BF53-45EA-A844-2C21322D9520}"
EndProject
Project("{FAE04EC0-301F-11D3-BF4B-00C04F79EFBC}") = "CleanArchitecture.Domain", "src\CleanArchitecture.Domain\CleanArchitecture.Domain.csproj", "{8A7CA37B-FD5D-43ED-8676-C6FC1B679D4E}"
EndProject
Project("{FAE04EC0-301F-11D3-BF4B-00C04F79EFBC}") = "CleanArchitecture.WebApi", "src\CleanArchitecture.WebApi\CleanArchitecture.WebApi.csproj", "{4AB49DD3-F5C2-4277-9AFB-89A7851F3933}"
EndProject
Global
	GlobalSection(SolutionConfigurationPlatforms) = preSolution
		Debug|Any CPU = Debug|Any CPU
		Release|Any CPU = Release|Any CPU
	EndGlobalSection
	GlobalSection(ProjectConfigurationPlatforms) = postSolution
		{ADF23404-7EDD-4326-9DAE-629A4727C87E}.Debug|Any CPU.ActiveCfg = Debug|Any CPU
		{ADF23404-7EDD-4326-9DAE-629A4727C87E}.Debug|Any CPU.Build.0 = Debug|Any CPU
		{ADF23404-7EDD-4326-9DAE-629A4727C87E}.Release|Any CPU.ActiveCfg = Release|Any CPU
		{ADF23404-7EDD-4326-9DAE-629A4727C87E}.Release|Any CPU.Build.0 = Release|Any CPU
		{D3237D20-36AE-4D28-9C1C-4AE94F8F27E0}.Debug|Any CPU.ActiveCfg = Debug|Any CPU
		{D3237D20-36AE-4D28-9C1C-4AE94F8F27E0}.Debug|Any CPU.Build.0 = Debug|Any CPU
		{D3237D20-36AE-4D28-9C1C-4AE94F8F27E0}.Release|Any CPU.ActiveCfg = Release|Any CPU
		{D3237D20-36AE-4D28-9C1C-4AE94F8F27E0}.Release|Any CPU.Build.0 = Release|Any CPU
		{8A7CA37B-FD5D-43ED-8676-C6FC1B679D4E}.Debug|Any CPU.ActiveCfg = Debug|Any CPU
		{8A7CA37B-FD5D-43ED-8676-C6FC1B679D4E}.Debug|Any CPU.Build.0 = Debug|Any CPU
		{8A7CA37B-FD5D-43ED-8676-C6FC1B679D4E}.Release|Any CPU.ActiveCfg = Release|Any CPU
		{8A7CA37B-FD5D-43ED-8676-C6FC1B679D4E}.Release|Any CPU.Build.0 = Release|Any CPU
		{4AB49DD3-F5C2-4277-9AFB-89A7851F3933}.Debug|Any CPU.ActiveCfg = Debug|Any CPU
		{4AB49DD3-F5C2-4277-9AFB-89A7851F3933}.Debug|Any CPU.Build.0 = Debug|Any CPU
		{4AB49DD3-F5C2-4277-9AFB-89A7851F3933}.Release|Any CPU.ActiveCfg = Release|Any CPU
		{4AB49DD3-F5C2-4277-9AFB-89A7851F3933}.Release|Any CPU.Build.0 = Release|Any CPU
	EndGlobalSection
	GlobalSection(NestedProjects) = preSolution
		{ADF23404-7EDD-4326-9DAE-629A4727C87E} = {80B6C90B-1E7E-49F0-8844-D14654229F00}
		{D3237D20-36AE-4D28-9C1C-4AE94F8F27E0} = {B8D5A3FF-E27F-4A7B-90B2-5AB5BD9FC228}
		{8A7CA37B-FD5D-43ED-8676-C6FC1B679D4E} = {0331B455-BF53-45EA-A844-2C21322D9520}
		{4AB49DD3-F5C2-4277-9AFB-89A7851F3933} = {76847B72-548A-4E41-8994-FBD7E81BDC15}
	EndGlobalSection
EndGlobal


arshdeep singh mand